
Microsoft Visual Studio Solution File, Format Version 12.00
# Visual Studio Version 17
VisualStudioVersion = 17.12.35527.113
MinimumVisualStudioVersion = 10.0.40219.1
Project("{FAE04EC0-301F-11D3-BF4B-00C04F79EFBC}") = "Ex 01 - Affichage Console", "Ex 01 - Affichage Console\Ex 01 - Affichage Console.csproj", "{C4A055B8-BD13-4DA8-B1AA-88ADE1C4140A}"
EndProject
Project("{2150E333-8FDC-42A3-9474-1A3956D46DE8}") = "Ex 01 à Ex 10 - Variable - If", "Ex 01 à Ex 10 - Variable - If", "{E4DF355D-9568-4F0C-AA95-8F3623CA7935}"
EndProject
Project("{FAE04EC0-301F-11D3-BF4B-00C04F79EFBC}") = "Ex 02 - Variable String", "Ex 02 - Variable String\Ex 02 - Variable String.csproj", "{D046D84C-CD08-4BC4-BB00-B07240449C72}"
EndProject
Project("{FAE04EC0-301F-11D3-BF4B-00C04F79EFBC}") = "Ex 03 - Variable String Concat", "Ex 03-Variable String Concat\Ex 03 - Variable String Concat.csproj", "{964E306B-AE7C-4FF6-AF16-C4C6340A2457}"
EndProject
Project("{FAE04EC0-301F-11D3-BF4B-00C04F79EFBC}") = "Ex 04 - Variable Int Concat", "Ex 04 - Variable Int Concat\Ex 04 - Variable Int Concat.csproj", "{5B0AED37-C6BE-4C1C-83C8-ACF2A3642D48}"
EndProject
Project("{FAE04EC0-301F-11D3-BF4B-00C04F79EFBC}") = "Ex 05 - Variable Numerique", "Ex 05 - Variable Numerique\Ex 05 - Variable Numerique.csproj", "{48F150F7-4FE8-40EB-BEEA-2610F98B6410}"
EndProject
Project("{FAE04EC0-301F-11D3-BF4B-00C04F79EFBC}") = "Ex 06 - Calcul Aire Carre", "Ex 06 - Calcul Aire Carre\Ex 06 - Calcul Aire Carre.csproj", "{4AAD9C81-32DC-4E19-AF81-5E01027A357D}"
EndProject
Project("{FAE04EC0-301F-11D3-BF4B-00C04F79EFBC}") = "Ex 07 - Calcul Hypothenuse", "Ex 07 - Calcul Hypothenuse\Ex 07 - Calcul Hypothenuse.csproj", "{A26F01D2-5017-4947-B571-690F618A99C8}"
EndProject
Project("{FAE04EC0-301F-11D3-BF4B-00C04F79EFBC}") = "Ex 08 - Calcul TVA", "Ex 08 - Calcul TVA\Ex 08 - Calcul TVA.csproj", "{3BC22F9F-6712-475A-95B6-79E30055D9A4}"
EndProject
Project("{FAE04EC0-301F-11D3-BF4B-00C04F79EFBC}") = "Ex 09 - Calcul Interets", "Ex 09 - Calcul Interets\Ex 09 - Calcul Interets.csproj", "{7BAF0F5C-3FD3-4550-BAE0-9A767F65CA24}"
EndProject
Project("{FAE04EC0-301F-11D3-BF4B-00C04F79EFBC}") = "Ex 10 - If Else Voyelle", "Ex 10 - If Else Voyelle\Ex 10 - If Else Voyelle.csproj", "{0786F8E1-3B9D-455A-8FB6-9C037EE283D4}"
EndProject
Project("{2150E333-8FDC-42A3-9474-1A3956D46DE8}") = "Ex 11 à Ex 20 - If - Switch - boucle", "Ex 11 à Ex 20 - If - Switch - boucle", "{8F27492C-2EF6-4F28-A013-99D75ABF0A17}"
EndProject
Project("{FAE04EC0-301F-11D3-BF4B-00C04F79EFBC}") = "Ex 11 - If Else Nombre Divisible", "Ex 11 - If Else Nombre Divisible\Ex 11 - If Else Nombre Divisible.csproj", "{81F7F8A0-EDB1-456B-A09C-4277ADC1237D}"
EndProject
Project("{FAE04EC0-301F-11D3-BF4B-00C04F79EFBC}") = "Ex 12 - If Else Quelle Catégorie", "Ex 12 - If Else Quelle Catégorie\Ex 12 - If Else Quelle Catégorie.csproj", "{31D0481B-C993-4421-9D06-9DBA2368AE20}"
EndProject
Project("{FAE04EC0-301F-11D3-BF4B-00C04F79EFBC}") = "Ex 13 - If Else Triangle", "Ex 13 - If Else Triangle\Ex 13 - If Else Triangle.csproj", "{D8C87A50-09A0-46C9-A175-EEA46BF22049}"
EndProject
Project("{FAE04EC0-301F-11D3-BF4B-00C04F79EFBC}") = "Ex 14 - Taille Vêtement", "Ex 14 - Taille Vêtement\Ex 14 - Taille Vêtement.csproj", "{ACD1A8B2-D7C0-4D32-8A3B-69D0CC4B6AFA}"
EndProject
Project("{FAE04EC0-301F-11D3-BF4B-00C04F79EFBC}") = "Ex 15 - Prime Licenciement", "Ex 15 - Prime Licenciement\Ex 15 - Prime Licenciement.csproj", "{0E54A0B5-3E2C-42E1-9713-123B934DCE77}"
EndProject
Project("{FAE04EC0-301F-11D3-BF4B-00C04F79EFBC}") = "Ex 16 - Switch Quelle Categorie", "Ex 16 - Switch Quelle Categorie\Ex 16 - Switch Quelle Categorie.csproj", "{DDC270BB-71A8-44A4-82EC-09BDC0D09160}"
EndProject
Project("{FAE04EC0-301F-11D3-BF4B-00C04F79EFBC}") = "Ex 17 - Quelle Boisson", "Ex 17 - Quelle Boisson\Ex 17 - Quelle Boisson.csproj", "{3A6FBE7B-7B7C-411D-B192-06616AFD37E3}"
EndProject
Project("{FAE04EC0-301F-11D3-BF4B-00C04F79EFBC}") = "Ex 18 - For Compter A 10", "Ex 18 - For Compter A 10\Ex 18 - For Compter A 10.csproj", "{380D7F7C-1E81-4C75-B254-A90A55084EE5}"
EndProject
Project("{FAE04EC0-301F-11D3-BF4B-00C04F79EFBC}") = "Ex 19 - For Menus Sous Menus", "Ex 19 - For Menus Sous Menus\Ex 19 - For Menus Sous Menus.csproj", "{D27019AB-1AEA-4B38-BBFD-84BFA0067410}"
EndProject
Project("{FAE04EC0-301F-11D3-BF4B-00C04F79EFBC}") = "Ex 20 - For Table Multiplication", "Ex 20 - For Table Multiplication\Ex 20 - For Table Multiplication.csproj", "{F2324C10-974D-4B33-9FEA-B59CF161EA7B}"
EndProject
Project("{2150E333-8FDC-42A3-9474-1A3956D46DE8}") = "Ex 21 à Ex 32 - boucle - tableau", "Ex 21 à Ex 32 - boucle - tableau", "{C9F76AA0-7CDB-47C9-9974-86812590BDEC}"
EndProject
Project("{FAE04EC0-301F-11D3-BF4B-00C04F79EFBC}") = "Ex 21 - For Acroissement Population", "Ex 21 - For Acroissement Population\Ex 21 - For Acroissement Population.csproj", "{B456F46B-DDAF-4070-9ADB-62B66BFDFFF0}"
EndProject
Project("{FAE04EC0-301F-11D3-BF4B-00C04F79EFBC}") = "Ex 22 - For Meilleure Note", "Ex 22 - For Meilleure Note\Ex 22 - For Meilleure Note.csproj", "{DA01E15D-9971-42FA-9AEF-24B0E8D5B32D}"
EndProject
Project("{FAE04EC0-301F-11D3-BF4B-00C04F79EFBC}") = "Ex 23 - Bonus Triangle", "Ex 23 - Bonus Triangle\Ex 23 - Bonus Triangle.csproj", "{F48BFEF8-5278-4CE0-AB7A-D453F82CF508}"
EndProject
Project("{FAE04EC0-301F-11D3-BF4B-00C04F79EFBC}") = "Ex 24 - Do While Question Multiple", "Ex 24 - Do While Question Multiple\Ex 24 - Do While Question Multiple.csproj", "{99E577C8-0F19-4573-9D34-84C2B1745D25}"
EndProject
Project("{FAE04EC0-301F-11D3-BF4B-00C04F79EFBC}") = "Ex 25 - Do While Gestion Note Menu", "Ex 25 - Do While Gestion Note Menu\Ex 25 - Do While Gestion Note Menu.csproj", "{78A8CA89-2A47-4703-8B3F-874FC8601EA6}"
EndProject
Project("{FAE04EC0-301F-11D3-BF4B-00C04F79EFBC}") = "Ex 26 - While Nombre Mystere", "Ex 26 - While Nombre Mystere\Ex 26 - While Nombre Mystere.csproj", "{E2257836-2B75-4EE7-8394-F97B4BB1DF3D}"
EndProject
Project("{FAE04EC0-301F-11D3-BF4B-00C04F79EFBC}") = "Ex 27 - Fizz Buzz", "Ex 27 - Fizz Buzz\Ex 27 - Fizz Buzz.csproj", "{F2ADDAC8-1568-4FB7-9309-08A79C880E4D}"
EndProject
Project("{FAE04EC0-301F-11D3-BF4B-00C04F79EFBC}") = "Ex 28 - Tableau Insertion Valeurs", "Ex 28 - Tableau Insertion Valeurs\Ex 28 - Tableau Insertion Valeurs.csproj", "{115133F9-4D2E-4661-9828-6931600F37BA}"
EndProject
Project("{FAE04EC0-301F-11D3-BF4B-00C04F79EFBC}") = "Ex 29 - Tableau Table ASCII", "Ex 29 - Tableau Table ASCII\Ex 29 - Tableau Table ASCII.csproj", "{D86B85E0-8591-43C4-BF65-93FBDD9F97A8}"
EndProject
Project("{FAE04EC0-301F-11D3-BF4B-00C04F79EFBC}") = "Ex 30 - Tableau Est Pair Est Impair", "Ex 30 - Tableau Est Pair Est Impair\Ex 30 - Tableau Est Pair Est Impair.csproj", "{4B1CB890-8498-4820-AF45-81FFD844D3DD}"
EndProject
Project("{FAE04EC0-301F-11D3-BF4B-00C04F79EFBC}") = "Ex 31 - Tableau Liste Contacts", "Ex 31 - Tableau Liste Contacts\Ex 31 - Tableau Liste Contacts.csproj", "{459F8D0B-A6DA-4A9E-A164-7D6D8BA19BBD}"
EndProject
Project("{FAE04EC0-301F-11D3-BF4B-00C04F79EFBC}") = "Ex 32 - The Great TP", "Ex 32 - The Great TP\Ex 32 - The Great TP.csproj", "{41AE0CAE-43DF-40D0-8A71-03F7386C198F}"
EndProject
Project("{2150E333-8FDC-42A3-9474-1A3956D46DE8}") = "Ex 33 à Ex 38 - Fonctions", "Ex 33 à Ex 38 - Fonctions", "{D55B8412-4DD5-4F65-A288-54B1D35AE23A}"
EndProject
Project("{FAE04EC0-301F-11D3-BF4B-00C04F79EFBC}") = "Ex 33 - Nom complet", "Ex 33 - Nom complet\Ex 33 - Nom complet.csproj", "{18E8FDCF-EFAF-4982-AE8F-A11FA5BF2A62}"
EndProject
Project("{FAE04EC0-301F-11D3-BF4B-00C04F79EFBC}") = "Ex 34 - Soustraction", "Ex 34 - Soustraction\Ex 34 - Soustraction.csproj", "{5C9152C2-CD71-41C0-A3B4-6351B8D20FF4}"
EndProject
Project("{FAE04EC0-301F-11D3-BF4B-00C04F79EFBC}") = "Ex 35 - Quelle Heure", "Ex 35 - Quelle Heure\Ex 35 - Quelle Heure.csproj", "{1B15B5B9-16A5-4B1C-87B5-18E89D8EA3AD}"
EndProject
Project("{FAE04EC0-301F-11D3-BF4B-00C04F79EFBC}") = "Ex 36 - Compteur de lettre", "Ex 36 - Compteur de lettre\Ex 36 - Compteur de lettre.csproj", "{E0B1374D-466D-4DD9-A242-FB0BA49C40C5}"
EndProject
Project("{FAE04EC0-301F-11D3-BF4B-00C04F79EFBC}") = "Ex 37 - ADN", "Ex 37 - ADN\Ex 37 - ADN.csproj", "{EC1787FE-E785-4864-B9D9-F5A3743E3921}"
EndProject
Project("{FAE04EC0-301F-11D3-BF4B-00C04F79EFBC}") = "Ex 38 - Tuple d'operations", "Ex 38 - Tuple d'operations\Ex 38 - Tuple d'operations.csproj", "{3C6DBB1E-3F82-4B0B-8D7C-B8FC2A0B9B44}"
EndProject
Global
	GlobalSection(SolutionConfigurationPlatforms) = preSolution
		Debug|Any CPU = Debug|Any CPU
		Release|Any CPU = Release|Any CPU
	EndGlobalSection
	GlobalSection(ProjectConfigurationPlatforms) = postSolution
		{C4A055B8-BD13-4DA8-B1AA-88ADE1C4140A}.Debug|Any CPU.ActiveCfg = Debug|Any CPU
		{C4A055B8-BD13-4DA8-B1AA-88ADE1C4140A}.Debug|Any CPU.Build.0 = Debug|Any CPU
		{C4A055B8-BD13-4DA8-B1AA-88ADE1C4140A}.Release|Any CPU.ActiveCfg = Release|Any CPU
		{C4A055B8-BD13-4DA8-B1AA-88ADE1C4140A}.Release|Any CPU.Build.0 = Release|Any CPU
		{D046D84C-CD08-4BC4-BB00-B07240449C72}.Debug|Any CPU.ActiveCfg = Debug|Any CPU
		{D046D84C-CD08-4BC4-BB00-B07240449C72}.Debug|Any CPU.Build.0 = Debug|Any CPU
		{D046D84C-CD08-4BC4-BB00-B07240449C72}.Release|Any CPU.ActiveCfg = Release|Any CPU
		{D046D84C-CD08-4BC4-BB00-B07240449C72}.Release|Any CPU.Build.0 = Release|Any CPU
		{964E306B-AE7C-4FF6-AF16-C4C6340A2457}.Debug|Any CPU.ActiveCfg = Debug|Any CPU
		{964E306B-AE7C-4FF6-AF16-C4C6340A2457}.Debug|Any CPU.Build.0 = Debug|Any CPU
		{964E306B-AE7C-4FF6-AF16-C4C6340A2457}.Release|Any CPU.ActiveCfg = Release|Any CPU
		{964E306B-AE7C-4FF6-AF16-C4C6340A2457}.Release|Any CPU.Build.0 = Release|Any CPU
		{5B0AED37-C6BE-4C1C-83C8-ACF2A3642D48}.Debug|Any CPU.ActiveCfg = Debug|Any CPU
		{5B0AED37-C6BE-4C1C-83C8-ACF2A3642D48}.Debug|Any CPU.Build.0 = Debug|Any CPU
		{5B0AED37-C6BE-4C1C-83C8-ACF2A3642D48}.Release|Any CPU.ActiveCfg = Release|Any CPU
		{5B0AED37-C6BE-4C1C-83C8-ACF2A3642D48}.Release|Any CPU.Build.0 = Release|Any CPU
		{48F150F7-4FE8-40EB-BEEA-2610F98B6410}.Debug|Any CPU.ActiveCfg = Debug|Any CPU
		{48F150F7-4FE8-40EB-BEEA-2610F98B6410}.Debug|Any CPU.Build.0 = Debug|Any CPU
		{48F150F7-4FE8-40EB-BEEA-2610F98B6410}.Release|Any CPU.ActiveCfg = Release|Any CPU
		{48F150F7-4FE8-40EB-BEEA-2610F98B6410}.Release|Any CPU.Build.0 = Release|Any CPU
		{4AAD9C81-32DC-4E19-AF81-5E01027A357D}.Debug|Any CPU.ActiveCfg = Debug|Any CPU
		{4AAD9C81-32DC-4E19-AF81-5E01027A357D}.Debug|Any CPU.Build.0 = Debug|Any CPU
		{4AAD9C81-32DC-4E19-AF81-5E01027A357D}.Release|Any CPU.ActiveCfg = Release|Any CPU
		{4AAD9C81-32DC-4E19-AF81-5E01027A357D}.Release|Any CPU.Build.0 = Release|Any CPU
		{A26F01D2-5017-4947-B571-690F618A99C8}.Debug|Any CPU.ActiveCfg = Debug|Any CPU
		{A26F01D2-5017-4947-B571-690F618A99C8}.Debug|Any CPU.Build.0 = Debug|Any CPU
		{A26F01D2-5017-4947-B571-690F618A99C8}.Release|Any CPU.ActiveCfg = Release|Any CPU
		{A26F01D2-5017-4947-B571-690F618A99C8}.Release|Any CPU.Build.0 = Release|Any CPU
		{3BC22F9F-6712-475A-95B6-79E30055D9A4}.Debug|Any CPU.ActiveCfg = Debug|Any CPU
		{3BC22F9F-6712-475A-95B6-79E30055D9A4}.Debug|Any CPU.Build.0 = Debug|Any CPU
		{3BC22F9F-6712-475A-95B6-79E30055D9A4}.Release|Any CPU.ActiveCfg = Release|Any CPU
		{3BC22F9F-6712-475A-95B6-79E30055D9A4}.Release|Any CPU.Build.0 = Release|Any CPU
		{7BAF0F5C-3FD3-4550-BAE0-9A767F65CA24}.Debug|Any CPU.ActiveCfg = Debug|Any CPU
		{7BAF0F5C-3FD3-4550-BAE0-9A767F65CA24}.Debug|Any CPU.Build.0 = Debug|Any CPU
		{7BAF0F5C-3FD3-4550-BAE0-9A767F65CA24}.Release|Any CPU.ActiveCfg = Release|Any CPU
		{7BAF0F5C-3FD3-4550-BAE0-9A767F65CA24}.Release|Any CPU.Build.0 = Release|Any CPU
		{0786F8E1-3B9D-455A-8FB6-9C037EE283D4}.Debug|Any CPU.ActiveCfg = Debug|Any CPU
		{0786F8E1-3B9D-455A-8FB6-9C037EE283D4}.Debug|Any CPU.Build.0 = Debug|Any CPU
		{0786F8E1-3B9D-455A-8FB6-9C037EE283D4}.Release|Any CPU.ActiveCfg = Release|Any CPU
		{0786F8E1-3B9D-455A-8FB6-9C037EE283D4}.Release|Any CPU.Build.0 = Release|Any CPU
		{81F7F8A0-EDB1-456B-A09C-4277ADC1237D}.Debug|Any CPU.ActiveCfg = Debug|Any CPU
		{81F7F8A0-EDB1-456B-A09C-4277ADC1237D}.Debug|Any CPU.Build.0 = Debug|Any CPU
		{81F7F8A0-EDB1-456B-A09C-4277ADC1237D}.Release|Any CPU.ActiveCfg = Release|Any CPU
		{81F7F8A0-EDB1-456B-A09C-4277ADC1237D}.Release|Any CPU.Build.0 = Release|Any CPU
		{31D0481B-C993-4421-9D06-9DBA2368AE20}.Debug|Any CPU.ActiveCfg = Debug|Any CPU
		{31D0481B-C993-4421-9D06-9DBA2368AE20}.Debug|Any CPU.Build.0 = Debug|Any CPU
		{31D0481B-C993-4421-9D06-9DBA2368AE20}.Release|Any CPU.ActiveCfg = Release|Any CPU
		{31D0481B-C993-4421-9D06-9DBA2368AE20}.Release|Any CPU.Build.0 = Release|Any CPU
		{D8C87A50-09A0-46C9-A175-EEA46BF22049}.Debug|Any CPU.ActiveCfg = Debug|Any CPU
		{D8C87A50-09A0-46C9-A175-EEA46BF22049}.Debug|Any CPU.Build.0 = Debug|Any CPU
		{D8C87A50-09A0-46C9-A175-EEA46BF22049}.Release|Any CPU.ActiveCfg = Release|Any CPU
		{D8C87A50-09A0-46C9-A175-EEA46BF22049}.Release|Any CPU.Build.0 = Release|Any CPU
		{ACD1A8B2-D7C0-4D32-8A3B-69D0CC4B6AFA}.Debug|Any CPU.ActiveCfg = Debug|Any CPU
		{ACD1A8B2-D7C0-4D32-8A3B-69D0CC4B6AFA}.Debug|Any CPU.Build.0 = Debug|Any CPU
		{ACD1A8B2-D7C0-4D32-8A3B-69D0CC4B6AFA}.Release|Any CPU.ActiveCfg = Release|Any CPU
		{ACD1A8B2-D7C0-4D32-8A3B-69D0CC4B6AFA}.Release|Any CPU.Build.0 = Release|Any CPU
		{0E54A0B5-3E2C-42E1-9713-123B934DCE77}.Debug|Any CPU.ActiveCfg = Debug|Any CPU
		{0E54A0B5-3E2C-42E1-9713-123B934DCE77}.Debug|Any CPU.Build.0 = Debug|Any CPU
		{0E54A0B5-3E2C-42E1-9713-123B934DCE77}.Release|Any CPU.ActiveCfg = Release|Any CPU
		{0E54A0B5-3E2C-42E1-9713-123B934DCE77}.Release|Any CPU.Build.0 = Release|Any CPU
		{DDC270BB-71A8-44A4-82EC-09BDC0D09160}.Debug|Any CPU.ActiveCfg = Debug|Any CPU
		{DDC270BB-71A8-44A4-82EC-09BDC0D09160}.Debug|Any CPU.Build.0 = Debug|Any CPU
		{DDC270BB-71A8-44A4-82EC-09BDC0D09160}.Release|Any CPU.ActiveCfg = Release|Any CPU
		{DDC270BB-71A8-44A4-82EC-09BDC0D09160}.Release|Any CPU.Build.0 = Release|Any CPU
		{3A6FBE7B-7B7C-411D-B192-06616AFD37E3}.Debug|Any CPU.ActiveCfg = Debug|Any CPU
		{3A6FBE7B-7B7C-411D-B192-06616AFD37E3}.Debug|Any CPU.Build.0 = Debug|Any CPU
		{3A6FBE7B-7B7C-411D-B192-06616AFD37E3}.Release|Any CPU.ActiveCfg = Release|Any CPU
		{3A6FBE7B-7B7C-411D-B192-06616AFD37E3}.Release|Any CPU.Build.0 = Release|Any CPU
		{380D7F7C-1E81-4C75-B254-A90A55084EE5}.Debug|Any CPU.ActiveCfg = Debug|Any CPU
		{380D7F7C-1E81-4C75-B254-A90A55084EE5}.Debug|Any CPU.Build.0 = Debug|Any CPU
		{380D7F7C-1E81-4C75-B254-A90A55084EE5}.Release|Any CPU.ActiveCfg = Release|Any CPU
		{380D7F7C-1E81-4C75-B254-A90A55084EE5}.Release|Any CPU.Build.0 = Release|Any CPU
		{D27019AB-1AEA-4B38-BBFD-84BFA0067410}.Debug|Any CPU.ActiveCfg = Debug|Any CPU
		{D27019AB-1AEA-4B38-BBFD-84BFA0067410}.Debug|Any CPU.Build.0 = Debug|Any CPU
		{D27019AB-1AEA-4B38-BBFD-84BFA0067410}.Release|Any CPU.ActiveCfg = Release|Any CPU
		{D27019AB-1AEA-4B38-BBFD-84BFA0067410}.Release|Any CPU.Build.0 = Release|Any CPU
		{F2324C10-974D-4B33-9FEA-B59CF161EA7B}.Debug|Any CPU.ActiveCfg = Debug|Any CPU
		{F2324C10-974D-4B33-9FEA-B59CF161EA7B}.Debug|Any CPU.Build.0 = Debug|Any CPU
		{F2324C10-974D-4B33-9FEA-B59CF161EA7B}.Release|Any CPU.ActiveCfg = Release|Any CPU
		{F2324C10-974D-4B33-9FEA-B59CF161EA7B}.Release|Any CPU.Build.0 = Release|Any CPU
		{B456F46B-DDAF-4070-9ADB-62B66BFDFFF0}.Debug|Any CPU.ActiveCfg = Debug|Any CPU
		{B456F46B-DDAF-4070-9ADB-62B66BFDFFF0}.Debug|Any CPU.Build.0 = Debug|Any CPU
		{B456F46B-DDAF-4070-9ADB-62B66BFDFFF0}.Release|Any CPU.ActiveCfg = Release|Any CPU
		{B456F46B-DDAF-4070-9ADB-62B66BFDFFF0}.Release|Any CPU.Build.0 = Release|Any CPU
		{DA01E15D-9971-42FA-9AEF-24B0E8D5B32D}.Debug|Any CPU.ActiveCfg = Debug|Any CPU
		{DA01E15D-9971-42FA-9AEF-24B0E8D5B32D}.Debug|Any CPU.Build.0 = Debug|Any CPU
		{DA01E15D-9971-42FA-9AEF-24B0E8D5B32D}.Release|Any CPU.ActiveCfg = Release|Any CPU
		{DA01E15D-9971-42FA-9AEF-24B0E8D5B32D}.Release|Any CPU.Build.0 = Release|Any CPU
		{F48BFEF8-5278-4CE0-AB7A-D453F82CF508}.Debug|Any CPU.ActiveCfg = Debug|Any CPU
		{F48BFEF8-5278-4CE0-AB7A-D453F82CF508}.Debug|Any CPU.Build.0 = Debug|Any CPU
		{F48BFEF8-5278-4CE0-AB7A-D453F82CF508}.Release|Any CPU.ActiveCfg = Release|Any CPU
		{F48BFEF8-5278-4CE0-AB7A-D453F82CF508}.Release|Any CPU.Build.0 = Release|Any CPU
		{99E577C8-0F19-4573-9D34-84C2B1745D25}.Debug|Any CPU.ActiveCfg = Debug|Any CPU
		{99E577C8-0F19-4573-9D34-84C2B1745D25}.Debug|Any CPU.Build.0 = Debug|Any CPU
		{99E577C8-0F19-4573-9D34-84C2B1745D25}.Release|Any CPU.ActiveCfg = Release|Any CPU
		{99E577C8-0F19-4573-9D34-84C2B1745D25}.Release|Any CPU.Build.0 = Release|Any CPU
		{78A8CA89-2A47-4703-8B3F-874FC8601EA6}.Debug|Any CPU.ActiveCfg = Debug|Any CPU
		{78A8CA89-2A47-4703-8B3F-874FC8601EA6}.Debug|Any CPU.Build.0 = Debug|Any CPU
		{78A8CA89-2A47-4703-8B3F-874FC8601EA6}.Release|Any CPU.ActiveCfg = Release|Any CPU
		{78A8CA89-2A47-4703-8B3F-874FC8601EA6}.Release|Any CPU.Build.0 = Release|Any CPU
		{E2257836-2B75-4EE7-8394-F97B4BB1DF3D}.Debug|Any CPU.ActiveCfg = Debug|Any CPU
		{E2257836-2B75-4EE7-8394-F97B4BB1DF3D}.Debug|Any CPU.Build.0 = Debug|Any CPU
		{E2257836-2B75-4EE7-8394-F97B4BB1DF3D}.Release|Any CPU.ActiveCfg = Release|Any CPU
		{E2257836-2B75-4EE7-8394-F97B4BB1DF3D}.Release|Any CPU.Build.0 = Release|Any CPU
		{F2ADDAC8-1568-4FB7-9309-08A79C880E4D}.Debug|Any CPU.ActiveCfg = Debug|Any CPU
		{F2ADDAC8-1568-4FB7-9309-08A79C880E4D}.Debug|Any CPU.Build.0 = Debug|Any CPU
		{F2ADDAC8-1568-4FB7-9309-08A79C880E4D}.Release|Any CPU.ActiveCfg = Release|Any CPU
		{F2ADDAC8-1568-4FB7-9309-08A79C880E4D}.Release|Any CPU.Build.0 = Release|Any CPU
		{115133F9-4D2E-4661-9828-6931600F37BA}.Debug|Any CPU.ActiveCfg = Debug|Any CPU
		{115133F9-4D2E-4661-9828-6931600F37BA}.Debug|Any CPU.Build.0 = Debug|Any CPU
		{115133F9-4D2E-4661-9828-6931600F37BA}.Release|Any CPU.ActiveCfg = Release|Any CPU
		{115133F9-4D2E-4661-9828-6931600F37BA}.Release|Any CPU.Build.0 = Release|Any CPU
		{D86B85E0-8591-43C4-BF65-93FBDD9F97A8}.Debug|Any CPU.ActiveCfg = Debug|Any CPU
		{D86B85E0-8591-43C4-BF65-93FBDD9F97A8}.Debug|Any CPU.Build.0 = Debug|Any CPU
		{D86B85E0-8591-43C4-BF65-93FBDD9F97A8}.Release|Any CPU.ActiveCfg = Release|Any CPU
		{D86B85E0-8591-43C4-BF65-93FBDD9F97A8}.Release|Any CPU.Build.0 = Release|Any CPU
		{4B1CB890-8498-4820-AF45-81FFD844D3DD}.Debug|Any CPU.ActiveCfg = Debug|Any CPU
		{4B1CB890-8498-4820-AF45-81FFD844D3DD}.Debug|Any CPU.Build.0 = Debug|Any CPU
		{4B1CB890-8498-4820-AF45-81FFD844D3DD}.Release|Any CPU.ActiveCfg = Release|Any CPU
		{4B1CB890-8498-4820-AF45-81FFD844D3DD}.Release|Any CPU.Build.0 = Release|Any CPU
		{459F8D0B-A6DA-4A9E-A164-7D6D8BA19BBD}.Debug|Any CPU.ActiveCfg = Debug|Any CPU
		{459F8D0B-A6DA-4A9E-A164-7D6D8BA19BBD}.Debug|Any CPU.Build.0 = Debug|Any CPU
		{459F8D0B-A6DA-4A9E-A164-7D6D8BA19BBD}.Release|Any CPU.ActiveCfg = Release|Any CPU
		{459F8D0B-A6DA-4A9E-A164-7D6D8BA19BBD}.Release|Any CPU.Build.0 = Release|Any CPU
		{41AE0CAE-43DF-40D0-8A71-03F7386C198F}.Debug|Any CPU.ActiveCfg = Debug|Any CPU
		{41AE0CAE-43DF-40D0-8A71-03F7386C198F}.Debug|Any CPU.Build.0 = Debug|Any CPU
		{41AE0CAE-43DF-40D0-8A71-03F7386C198F}.Release|Any CPU.ActiveCfg = Release|Any CPU
		{41AE0CAE-43DF-40D0-8A71-03F7386C198F}.Release|Any CPU.Build.0 = Release|Any CPU
		{18E8FDCF-EFAF-4982-AE8F-A11FA5BF2A62}.Debug|Any CPU.ActiveCfg = Debug|Any CPU
		{18E8FDCF-EFAF-4982-AE8F-A11FA5BF2A62}.Debug|Any CPU.Build.0 = Debug|Any CPU
		{18E8FDCF-EFAF-4982-AE8F-A11FA5BF2A62}.Release|Any CPU.ActiveCfg = Release|Any CPU
		{18E8FDCF-EFAF-4982-AE8F-A11FA5BF2A62}.Release|Any CPU.Build.0 = Release|Any CPU
		{5C9152C2-CD71-41C0-A3B4-6351B8D20FF4}.Debug|Any CPU.ActiveCfg = Debug|Any CPU
		{5C9152C2-CD71-41C0-A3B4-6351B8D20FF4}.Debug|Any CPU.Build.0 = Debug|Any CPU
		{5C9152C2-CD71-41C0-A3B4-6351B8D20FF4}.Release|Any CPU.ActiveCfg = Release|Any CPU
		{5C9152C2-CD71-41C0-A3B4-6351B8D20FF4}.Release|Any CPU.Build.0 = Release|Any CPU
		{1B15B5B9-16A5-4B1C-87B5-18E89D8EA3AD}.Debug|Any CPU.ActiveCfg = Debug|Any CPU
		{1B15B5B9-16A5-4B1C-87B5-18E89D8EA3AD}.Debug|Any CPU.Build.0 = Debug|Any CPU
		{1B15B5B9-16A5-4B1C-87B5-18E89D8EA3AD}.Release|Any CPU.ActiveCfg = Release|Any CPU
		{1B15B5B9-16A5-4B1C-87B5-18E89D8EA3AD}.Release|Any CPU.Build.0 = Release|Any CPU
		{E0B1374D-466D-4DD9-A242-FB0BA49C40C5}.Debug|Any CPU.ActiveCfg = Debug|Any CPU
		{E0B1374D-466D-4DD9-A242-FB0BA49C40C5}.Debug|Any CPU.Build.0 = Debug|Any CPU
		{E0B1374D-466D-4DD9-A242-FB0BA49C40C5}.Release|Any CPU.ActiveCfg = Release|Any CPU
		{E0B1374D-466D-4DD9-A242-FB0BA49C40C5}.Release|Any CPU.Build.0 = Release|Any CPU
		{EC1787FE-E785-4864-B9D9-F5A3743E3921}.Debug|Any CPU.ActiveCfg = Debug|Any CPU
		{EC1787FE-E785-4864-B9D9-F5A3743E3921}.Debug|Any CPU.Build.0 = Debug|Any CPU
		{EC1787FE-E785-4864-B9D9-F5A3743E3921}.Release|Any CPU.ActiveCfg = Release|Any CPU
		{EC1787FE-E785-4864-B9D9-F5A3743E3921}.Release|Any CPU.Build.0 = Release|Any CPU
		{3C6DBB1E-3F82-4B0B-8D7C-B8FC2A0B9B44}.Debug|Any CPU.ActiveCfg = Debug|Any CPU
		{3C6DBB1E-3F82-4B0B-8D7C-B8FC2A0B9B44}.Debug|Any CPU.Build.0 = Debug|Any CPU
		{3C6DBB1E-3F82-4B0B-8D7C-B8FC2A0B9B44}.Release|Any CPU.ActiveCfg = Release|Any CPU
		{3C6DBB1E-3F82-4B0B-8D7C-B8FC2A0B9B44}.Release|Any CPU.Build.0 = Release|Any CPU
	EndGlobalSection
	GlobalSection(SolutionProperties) = preSolution
		HideSolutionNode = FALSE
	EndGlobalSection
	GlobalSection(NestedProjects) = preSolution
		{C4A055B8-BD13-4DA8-B1AA-88ADE1C4140A} = {E4DF355D-9568-4F0C-AA95-8F3623CA7935}
		{D046D84C-CD08-4BC4-BB00-B07240449C72} = {E4DF355D-9568-4F0C-AA95-8F3623CA7935}
		{964E306B-AE7C-4FF6-AF16-C4C6340A2457} = {E4DF355D-9568-4F0C-AA95-8F3623CA7935}
		{5B0AED37-C6BE-4C1C-83C8-ACF2A3642D48} = {E4DF355D-9568-4F0C-AA95-8F3623CA7935}
		{48F150F7-4FE8-40EB-BEEA-2610F98B6410} = {E4DF355D-9568-4F0C-AA95-8F3623CA7935}
		{4AAD9C81-32DC-4E19-AF81-5E01027A357D} = {E4DF355D-9568-4F0C-AA95-8F3623CA7935}
		{A26F01D2-5017-4947-B571-690F618A99C8} = {E4DF355D-9568-4F0C-AA95-8F3623CA7935}
		{3BC22F9F-6712-475A-95B6-79E30055D9A4} = {E4DF355D-9568-4F0C-AA95-8F3623CA7935}
		{7BAF0F5C-3FD3-4550-BAE0-9A767F65CA24} = {E4DF355D-9568-4F0C-AA95-8F3623CA7935}
		{0786F8E1-3B9D-455A-8FB6-9C037EE283D4} = {E4DF355D-9568-4F0C-AA95-8F3623CA7935}
		{81F7F8A0-EDB1-456B-A09C-4277ADC1237D} = {8F27492C-2EF6-4F28-A013-99D75ABF0A17}
		{31D0481B-C993-4421-9D06-9DBA2368AE20} = {8F27492C-2EF6-4F28-A013-99D75ABF0A17}
		{D8C87A50-09A0-46C9-A175-EEA46BF22049} = {8F27492C-2EF6-4F28-A013-99D75ABF0A17}
		{ACD1A8B2-D7C0-4D32-8A3B-69D0CC4B6AFA} = {8F27492C-2EF6-4F28-A013-99D75ABF0A17}
		{0E54A0B5-3E2C-42E1-9713-123B934DCE77} = {8F27492C-2EF6-4F28-A013-99D75ABF0A17}
		{DDC270BB-71A8-44A4-82EC-09BDC0D09160} = {8F27492C-2EF6-4F28-A013-99D75ABF0A17}
		{3A6FBE7B-7B7C-411D-B192-06616AFD37E3} = {8F27492C-2EF6-4F28-A013-99D75ABF0A17}
		{380D7F7C-1E81-4C75-B254-A90A55084EE5} = {8F27492C-2EF6-4F28-A013-99D75ABF0A17}
		{D27019AB-1AEA-4B38-BBFD-84BFA0067410} = {8F27492C-2EF6-4F28-A013-99D75ABF0A17}
		{F2324C10-974D-4B33-9FEA-B59CF161EA7B} = {8F27492C-2EF6-4F28-A013-99D75ABF0A17}
		{B456F46B-DDAF-4070-9ADB-62B66BFDFFF0} = {C9F76AA0-7CDB-47C9-9974-86812590BDEC}
		{DA01E15D-9971-42FA-9AEF-24B0E8D5B32D} = {C9F76AA0-7CDB-47C9-9974-86812590BDEC}
		{F48BFEF8-5278-4CE0-AB7A-D453F82CF508} = {C9F76AA0-7CDB-47C9-9974-86812590BDEC}
		{99E577C8-0F19-4573-9D34-84C2B1745D25} = {C9F76AA0-7CDB-47C9-9974-86812590BDEC}
		{78A8CA89-2A47-4703-8B3F-874FC8601EA6} = {C9F76AA0-7CDB-47C9-9974-86812590BDEC}
		{E2257836-2B75-4EE7-8394-F97B4BB1DF3D} = {C9F76AA0-7CDB-47C9-9974-86812590BDEC}
		{F2ADDAC8-1568-4FB7-9309-08A79C880E4D} = {C9F76AA0-7CDB-47C9-9974-86812590BDEC}
		{115133F9-4D2E-4661-9828-6931600F37BA} = {C9F76AA0-7CDB-47C9-9974-86812590BDEC}
		{D86B85E0-8591-43C4-BF65-93FBDD9F97A8} = {C9F76AA0-7CDB-47C9-9974-86812590BDEC}
		{4B1CB890-8498-4820-AF45-81FFD844D3DD} = {C9F76AA0-7CDB-47C9-9974-86812590BDEC}
		{459F8D0B-A6DA-4A9E-A164-7D6D8BA19BBD} = {C9F76AA0-7CDB-47C9-9974-86812590BDEC}
		{41AE0CAE-43DF-40D0-8A71-03F7386C198F} = {C9F76AA0-7CDB-47C9-9974-86812590BDEC}
		{18E8FDCF-EFAF-4982-AE8F-A11FA5BF2A62} = {D55B8412-4DD5-4F65-A288-54B1D35AE23A}
		{5C9152C2-CD71-41C0-A3B4-6351B8D20FF4} = {D55B8412-4DD5-4F65-A288-54B1D35AE23A}
		{1B15B5B9-16A5-4B1C-87B5-18E89D8EA3AD} = {D55B8412-4DD5-4F65-A288-54B1D35AE23A}
		{E0B1374D-466D-4DD9-A242-FB0BA49C40C5} = {D55B8412-4DD5-4F65-A288-54B1D35AE23A}
		{EC1787FE-E785-4864-B9D9-F5A3743E3921} = {D55B8412-4DD5-4F65-A288-54B1D35AE23A}
		{3C6DBB1E-3F82-4B0B-8D7C-B8FC2A0B9B44} = {D55B8412-4DD5-4F65-A288-54B1D35AE23A}
	EndGlobalSection
EndGlobal
